// !$*UTF8*$!
{
	archiveVersion = 1;
	classes = {
	};
	objectVersion = 50;
	objects = {

/* Begin PBXBuildFile section */
		5C119FCF21708881007A8B13 /* AppDelegate.swift in Sources */ = {isa = PBXBuildFile; fileRef = 5C119FCE21708881007A8B13 /* AppDelegate.swift */; };
		5C119FD121708881007A8B13 /* HomeViewController.swift in Sources */ = {isa = PBXBuildFile; fileRef = 5C119FD021708881007A8B13 /* HomeViewController.swift */; };
		5C119FD421708881007A8B13 /* Main.storyboard in Resources */ = {isa = PBXBuildFile; fileRef = 5C119FD221708881007A8B13 /* Main.storyboard */; };
		5C119FD621708882007A8B13 /* Assets.xcassets in Resources */ = {isa = PBXBuildFile; fileRef = 5C119FD521708882007A8B13 /* Assets.xcassets */; };
		5C119FD921708882007A8B13 /* LaunchScreen.storyboard in Resources */ = {isa = PBXBuildFile; fileRef = 5C119FD721708882007A8B13 /* LaunchScreen.storyboard */; };
		5C119FE421708882007A8B13 /* CSE_335_Vacation_App_ProjectTests.swift in Sources */ = {isa = PBXBuildFile; fileRef = 5C119FE321708882007A8B13 /* CSE_335_Vacation_App_ProjectTests.swift */; };
		5C119FEF21708882007A8B13 /* CSE_335_Vacation_App_ProjectUITests.swift in Sources */ = {isa = PBXBuildFile; fileRef = 5C119FEE21708882007A8B13 /* CSE_335_Vacation_App_ProjectUITests.swift */; };
		5C119FFF21708CAE007A8B13 /* MemoriesViewController.swift in Sources */ = {isa = PBXBuildFile; fileRef = 5C119FFE21708CAE007A8B13 /* MemoriesViewController.swift */; };
		5C11A00121708CBB007A8B13 /* NearMeViewController.swift in Sources */ = {isa = PBXBuildFile; fileRef = 5C11A00021708CBB007A8B13 /* NearMeViewController.swift */; };
		5C11A00321708CCF007A8B13 /* PlannerViewController.swift in Sources */ = {isa = PBXBuildFile; fileRef = 5C11A00221708CCF007A8B13 /* PlannerViewController.swift */; };
		5C11A00521708CE2007A8B13 /* AddMemoryViewController.swift in Sources */ = {isa = PBXBuildFile; fileRef = 5C11A00421708CE2007A8B13 /* AddMemoryViewController.swift */; };
		5C1FB567219BB20900CE184A /* FlightTableViewCell.swift in Sources */ = {isa = PBXBuildFile; fileRef = 5C1FB566219BB20900CE184A /* FlightTableViewCell.swift */; };
		5C1FB569219BCCFC00CE184A /* AddEventViewController.swift in Sources */ = {isa = PBXBuildFile; fileRef = 5C1FB568219BCCFC00CE184A /* AddEventViewController.swift */; };
		5C9968D2219CA2CE0017696C /* FlightDetailViewController.swift in Sources */ = {isa = PBXBuildFile; fileRef = 5C9968D1219CA2CE0017696C /* FlightDetailViewController.swift */; };
		5C9968D4219CA2DC0017696C /* EventDetailViewController.swift in Sources */ = {isa = PBXBuildFile; fileRef = 5C9968D3219CA2DC0017696C /* EventDetailViewController.swift */; };
		5C9968D6219CBC640017696C /* MemoryDetailViewController.swift in Sources */ = {isa = PBXBuildFile; fileRef = 5C9968D5219CBC640017696C /* MemoryDetailViewController.swift */; };
		5C9968D8219CC34E0017696C /* EditMemoryViewController.swift in Sources */ = {isa = PBXBuildFile; fileRef = 5C9968D7219CC34E0017696C /* EditMemoryViewController.swift */; };
		5C9968DA219CC35A0017696C /* EditFlightViewController.swift in Sources */ = {isa = PBXBuildFile; fileRef = 5C9968D9219CC35A0017696C /* EditFlightViewController.swift */; };
		5C9968DC219CC3640017696C /* EditEventViewController.swift in Sources */ = {isa = PBXBuildFile; fileRef = 5C9968DB219CC3640017696C /* EditEventViewController.swift */; };
		5C9968DE219CF0790017696C /* CustomAddFlightViewController.swift in Sources */ = {isa = PBXBuildFile; fileRef = 5C9968DD219CF0790017696C /* CustomAddFlightViewController.swift */; };
		5CBA181321729BDD00045E07 /* Model.xcdatamodeld in Sources */ = {isa = PBXBuildFile; fileRef = 5CBA181121729BDD00045E07 /* Model.xcdatamodeld */; };
		5CBD9C542196105100FCFE83 /* ModelProcessor.swift in Sources */ = {isa = PBXBuildFile; fileRef = 5CBD9C532196105100FCFE83 /* ModelProcessor.swift */; };
		5CBD9C58219612AB00FCFE83 /* EventTableViewCell.swift in Sources */ = {isa = PBXBuildFile; fileRef = 5CBD9C57219612AB00FCFE83 /* EventTableViewCell.swift */; };
		5CBD9C5A219616C100FCFE83 /* AddFlightViewController.swift in Sources */ = {isa = PBXBuildFile; fileRef = 5CBD9C59219616C100FCFE83 /* AddFlightViewController.swift */; };
		5CBD9C5C219A091500FCFE83 /* AddFlightTableViewCell.swift in Sources */ = {isa = PBXBuildFile; fileRef = 5CBD9C5B219A091500FCFE83 /* AddFlightTableViewCell.swift */; };
		5CD48B8221711B6F00027BE6 /* MemoryViewCell.swift in Sources */ = {isa = PBXBuildFile; fileRef = 5CD48B8121711B6F00027BE6 /* MemoryViewCell.swift */; };
		5CD48B842171281400027BE6 /* NearMeViewCell.swift in Sources */ = {isa = PBXBuildFile; fileRef = 5CD48B832171281400027BE6 /* NearMeViewCell.swift */; };
/* End PBXBuildFile section */

/* Begin PBXContainerItemProxy section */
		5C119FE021708882007A8B13 /* PBXContainerItemProxy */ = {
			isa = PBXContainerItemProxy;
			containerPortal = 5C119FC321708881007A8B13 /* Project object */;
			proxyType = 1;
			remoteGlobalIDString = 5C119FCA21708881007A8B13;
			remoteInfo = "CSE 335 Vacation App Project";
		};
		5C119FEB21708882007A8B13 /* PBXContainerItemProxy */ = {
			isa = PBXContainerItemProxy;
			containerPortal = 5C119FC321708881007A8B13 /* Project object */;
			proxyType = 1;
			remoteGlobalIDString = 5C119FCA21708881007A8B13;
			remoteInfo = "CSE 335 Vacation App Project";
		};
/* End PBXContainerItemProxy section */

/* Begin PBXFileReference section */
		5C119FCB21708881007A8B13 /* CSE 335 Vacation App Project.app */ = {isa = PBXFileReference; explicitFileType = wrapper.application; includeInIndex = 0; path = "CSE 335 Vacation App Project.app"; sourceTree = BUILT_PRODUCTS_DIR; };
		5C119FCE21708881007A8B13 /* AppDelegate.swift */ = {isa = PBXFileReference; lastKnownFileType = sourcecode.swift; path = AppDelegate.swift; sourceTree = "<group>"; };
		5C119FD021708881007A8B13 /* HomeViewController.swift */ = {isa = PBXFileReference; lastKnownFileType = sourcecode.swift; path = HomeViewController.swift; sourceTree = "<group>"; };
		5C119FD321708881007A8B13 /* Base */ = {isa = PBXFileReference; lastKnownFileType = file.storyboard; name = Base; path = Base.lproj/Main.storyboard; sourceTree = "<group>"; };
		5C119FD521708882007A8B13 /* Assets.xcassets */ = {isa = PBXFileReference; lastKnownFileType = folder.assetcatalog; path = Assets.xcassets; sourceTree = "<group>"; };
		5C119FD821708882007A8B13 /* Base */ = {isa = PBXFileReference; lastKnownFileType = file.storyboard; name = Base; path = Base.lproj/LaunchScreen.storyboard; sourceTree = "<group>"; };
		5C119FDA21708882007A8B13 /* Info.plist */ = {isa = PBXFileReference; lastKnownFileType = text.plist.xml; path = Info.plist; sourceTree = "<group>"; };
		5C119FDF21708882007A8B13 /* CSE 335 Vacation App ProjectTests.xctest */ = {isa = PBXFileReference; explicitFileType = wrapper.cfbundle; includeInIndex = 0; path = "CSE 335 Vacation App ProjectTests.xctest"; sourceTree = BUILT_PRODUCTS_DIR; };
		5C119FE321708882007A8B13 /* CSE_335_Vacation_App_ProjectTests.swift */ = {isa = PBXFileReference; lastKnownFileType = sourcecode.swift; path = CSE_335_Vacation_App_ProjectTests.swift; sourceTree = "<group>"; };
		5C119FE521708882007A8B13 /* Info.plist */ = {isa = PBXFileReference; lastKnownFileType = text.plist.xml; path = Info.plist; sourceTree = "<group>"; };
		5C119FEA21708882007A8B13 /* CSE 335 Vacation App ProjectUITests.xctest */ = {isa = PBXFileReference; explicitFileType = wrapper.cfbundle; includeInIndex = 0; path = "CSE 335 Vacation App ProjectUITests.xctest"; sourceTree = BUILT_PRODUCTS_DIR; };
		5C119FEE21708882007A8B13 /* CSE_335_Vacation_App_ProjectUITests.swift */ = {isa = PBXFileReference; lastKnownFileType = sourcecode.swift; path = CSE_335_Vacation_App_ProjectUITests.swift; sourceTree = "<group>"; };
		5C119FF021708882007A8B13 /* Info.plist */ = {isa = PBXFileReference; lastKnownFileType = text.plist.xml; path = Info.plist; sourceTree = "<group>"; };
		5C119FFE21708CAE007A8B13 /* MemoriesViewController.swift */ = {isa = PBXFileReference; lastKnownFileType = sourcecode.swift; path = MemoriesViewController.swift; sourceTree = "<group>"; };
		5C11A00021708CBB007A8B13 /* NearMeViewController.swift */ = {isa = PBXFileReference; lastKnownFileType = sourcecode.swift; path = NearMeViewController.swift; sourceTree = "<group>"; };
		5C11A00221708CCF007A8B13 /* PlannerViewController.swift */ = {isa = PBXFileReference; lastKnownFileType = sourcecode.swift; path = PlannerViewController.swift; sourceTree = "<group>"; };
		5C11A00421708CE2007A8B13 /* AddMemoryViewController.swift */ = {isa = PBXFileReference; lastKnownFileType = sourcecode.swift; path = AddMemoryViewController.swift; sourceTree = "<group>"; };
		5C1FB566219BB20900CE184A /* FlightTableViewCell.swift */ = {isa = PBXFileReference; lastKnownFileType = sourcecode.swift; path = FlightTableViewCell.swift; sourceTree = "<group>"; };
		5C1FB568219BCCFC00CE184A /* AddEventViewController.swift */ = {isa = PBXFileReference; lastKnownFileType = sourcecode.swift; path = AddEventViewController.swift; sourceTree = "<group>"; };
		5C9968D1219CA2CE0017696C /* FlightDetailViewController.swift */ = {isa = PBXFileReference; lastKnownFileType = sourcecode.swift; path = FlightDetailViewController.swift; sourceTree = "<group>"; };
		5C9968D3219CA2DC0017696C /* EventDetailViewController.swift */ = {isa = PBXFileReference; lastKnownFileType = sourcecode.swift; path = EventDetailViewController.swift; sourceTree = "<group>"; };
		5C9968D5219CBC640017696C /* MemoryDetailViewController.swift */ = {isa = PBXFileReference; lastKnownFileType = sourcecode.swift; path = MemoryDetailViewController.swift; sourceTree = "<group>"; };
		5C9968D7219CC34E0017696C /* EditMemoryViewController.swift */ = {isa = PBXFileReference; lastKnownFileType = sourcecode.swift; path = EditMemoryViewController.swift; sourceTree = "<group>"; };
		5C9968D9219CC35A0017696C /* EditFlightViewController.swift */ = {isa = PBXFileReference; lastKnownFileType = sourcecode.swift; path = EditFlightViewController.swift; sourceTree = "<group>"; };
		5C9968DB219CC3640017696C /* EditEventViewController.swift */ = {isa = PBXFileReference; lastKnownFileType = sourcecode.swift; path = EditEventViewController.swift; sourceTree = "<group>"; };
		5C9968DD219CF0790017696C /* CustomAddFlightViewController.swift */ = {isa = PBXFileReference; lastKnownFileType = sourcecode.swift; path = CustomAddFlightViewController.swift; sourceTree = "<group>"; };
		5CBA181221729BDD00045E07 /* Model.xcdatamodel */ = {isa = PBXFileReference; lastKnownFileType = wrapper.xcdatamodel; path = Model.xcdatamodel; sourceTree = "<group>"; };
		5CBD9C532196105100FCFE83 /* ModelProcessor.swift */ = {isa = PBXFileReference; lastKnownFileType = sourcecode.swift; path = ModelProcessor.swift; sourceTree = "<group>"; };
		5CBD9C57219612AB00FCFE83 /* EventTableViewCell.swift */ = {isa = PBXFileReference; lastKnownFileType = sourcecode.swift; path = EventTableViewCell.swift; sourceTree = "<group>"; };
		5CBD9C59219616C100FCFE83 /* AddFlightViewController.swift */ = {isa = PBXFileReference; lastKnownFileType = sourcecode.swift; path = AddFlightViewController.swift; sourceTree = "<group>"; };
		5CBD9C5B219A091500FCFE83 /* AddFlightTableViewCell.swift */ = {isa = PBXFileReference; lastKnownFileType = sourcecode.swift; path = AddFlightTableViewCell.swift; sourceTree = "<group>"; };
		5CD48B8121711B6F00027BE6 /* MemoryViewCell.swift */ = {isa = PBXFileReference; lastKnownFileType = sourcecode.swift; path = MemoryViewCell.swift; sourceTree = "<group>"; };
		5CD48B832171281400027BE6 /* NearMeViewCell.swift */ = {isa = PBXFileReference; lastKnownFileType = sourcecode.swift; path = NearMeViewCell.swift; sourceTree = "<group>"; };
/* End PBXFileReference section */

/* Begin PBXFrameworksBuildPhase section */
		5C119FC821708881007A8B13 /* Frameworks */ = {
			isa = PBXFrameworksBuildPhase;
			buildActionMask = 2147483647;
			files = (
			);
			runOnlyForDeploymentPostprocessing = 0;
		};
		5C119FDC21708882007A8B13 /* Frameworks */ = {
			isa = PBXFrameworksBuildPhase;
			buildActionMask = 2147483647;
			files = (
			);
			runOnlyForDeploymentPostprocessing = 0;
		};
		5C119FE721708882007A8B13 /* Frameworks */ = {
			isa = PBXFrameworksBuildPhase;
			buildActionMask = 2147483647;
			files = (
			);
			runOnlyForDeploymentPostprocessing = 0;
		};
/* End PBXFrameworksBuildPhase section */

/* Begin PBXGroup section */
		5C119FC221708881007A8B13 = {
			isa = PBXGroup;
			children = (
				5C119FCD21708881007A8B13 /* CSE 335 Vacation App Project */,
				5C119FE221708882007A8B13 /* CSE 335 Vacation App ProjectTests */,
				5C119FED21708882007A8B13 /* CSE 335 Vacation App ProjectUITests */,
				5C119FCC21708881007A8B13 /* Products */,
			);
			sourceTree = "<group>";
		};
		5C119FCC21708881007A8B13 /* Products */ = {
			isa = PBXGroup;
			children = (
				5C119FCB21708881007A8B13 /* CSE 335 Vacation App Project.app */,
				5C119FDF21708882007A8B13 /* CSE 335 Vacation App ProjectTests.xctest */,
				5C119FEA21708882007A8B13 /* CSE 335 Vacation App ProjectUITests.xctest */,
			);
			name = Products;
			sourceTree = "<group>";
		};
		5C119FCD21708881007A8B13 /* CSE 335 Vacation App Project */ = {
			isa = PBXGroup;
			children = (
				5C119FCE21708881007A8B13 /* AppDelegate.swift */,
				5C119FD221708881007A8B13 /* Main.storyboard */,
				5C119FD721708882007A8B13 /* LaunchScreen.storyboard */,
				5C119FDA21708882007A8B13 /* Info.plist */,
				5CF40060219A94D10015D1EF /* ViewControllers */,
				5CBA18102172823100045E07 /* Model */,
				5CF40061219A94ED0015D1EF /* TableView Cells */,
				5C119FD521708882007A8B13 /* Assets.xcassets */,
			);
			path = "CSE 335 Vacation App Project";
			sourceTree = "<group>";
		};
		5C119FE221708882007A8B13 /* CSE 335 Vacation App ProjectTests */ = {
			isa = PBXGroup;
			children = (
				5C119FE321708882007A8B13 /* CSE_335_Vacation_App_ProjectTests.swift */,
				5C119FE521708882007A8B13 /* Info.plist */,
			);
			path = "CSE 335 Vacation App ProjectTests";
			sourceTree = "<group>";
		};
		5C119FED21708882007A8B13 /* CSE 335 Vacation App ProjectUITests */ = {
			isa = PBXGroup;
			children = (
				5C119FEE21708882007A8B13 /* CSE_335_Vacation_App_ProjectUITests.swift */,
				5C119FF021708882007A8B13 /* Info.plist */,
			);
			path = "CSE 335 Vacation App ProjectUITests";
			sourceTree = "<group>";
		};
		5CBA18102172823100045E07 /* Model */ = {
			isa = PBXGroup;
			children = (
				5CBA181121729BDD00045E07 /* Model.xcdatamodeld */,
				5CBD9C532196105100FCFE83 /* ModelProcessor.swift */,
			);
			path = Model;
			sourceTree = "<group>";
		};
		5CF40060219A94D10015D1EF /* ViewControllers */ = {
			isa = PBXGroup;
			children = (
				5C1FB568219BCCFC00CE184A /* AddEventViewController.swift */,
				5CBD9C59219616C100FCFE83 /* AddFlightViewController.swift */,
				5C11A00421708CE2007A8B13 /* AddMemoryViewController.swift */,
				5C9968DB219CC3640017696C /* EditEventViewController.swift */,
				5C9968D9219CC35A0017696C /* EditFlightViewController.swift */,
				5C9968DD219CF0790017696C /* CustomAddFlightViewController.swift */,
				5C9968D7219CC34E0017696C /* EditMemoryViewController.swift */,
				5C9968D3219CA2DC0017696C /* EventDetailViewController.swift */,
				5C9968D1219CA2CE0017696C /* FlightDetailViewController.swift */,
				5C119FD021708881007A8B13 /* HomeViewController.swift */,
				5C119FFE21708CAE007A8B13 /* MemoriesViewController.swift */,
				5C9968D5219CBC640017696C /* MemoryDetailViewController.swift */,
				5C11A00021708CBB007A8B13 /* NearMeViewController.swift */,
				5C11A00221708CCF007A8B13 /* PlannerViewController.swift */,
			);
			path = ViewControllers;
			sourceTree = "<group>";
		};
		5CF40061219A94ED0015D1EF /* TableView Cells */ = {
			isa = PBXGroup;
			children = (
				5CBD9C5B219A091500FCFE83 /* AddFlightTableViewCell.swift */,
				5CBD9C57219612AB00FCFE83 /* EventTableViewCell.swift */,
				5C1FB566219BB20900CE184A /* FlightTableViewCell.swift */,
				5CD48B8121711B6F00027BE6 /* MemoryViewCell.swift */,
				5CD48B832171281400027BE6 /* NearMeViewCell.swift */,
			);
			path = "TableView Cells";
			sourceTree = "<group>";
		};
/* End PBXGroup section */

/* Begin PBXNativeTarget section */
		5C119FCA21708881007A8B13 /* CSE 335 Vacation App Project */ = {
			isa = PBXNativeTarget;
			buildConfigurationList = 5C119FF321708882007A8B13 /* Build configuration list for PBXNativeTarget "CSE 335 Vacation App Project" */;
			buildPhases = (
				5C119FC721708881007A8B13 /* Sources */,
				5C119FC821708881007A8B13 /* Frameworks */,
				5C119FC921708881007A8B13 /* Resources */,
			);
			buildRules = (
			);
			dependencies = (
			);
			name = "CSE 335 Vacation App Project";
			productName = "CSE 335 Vacation App Project";
			productReference = 5C119FCB21708881007A8B13 /* CSE 335 Vacation App Project.app */;
			productType = "com.apple.product-type.application";
		};
		5C119FDE21708882007A8B13 /* CSE 335 Vacation App ProjectTests */ = {
			isa = PBXNativeTarget;
			buildConfigurationList = 5C119FF621708882007A8B13 /* Build configuration list for PBXNativeTarget "CSE 335 Vacation App ProjectTests" */;
			buildPhases = (
				5C119FDB21708882007A8B13 /* Sources */,
				5C119FDC21708882007A8B13 /* Frameworks */,
				5C119FDD21708882007A8B13 /* Resources */,
			);
			buildRules = (
			);
			dependencies = (
				5C119FE121708882007A8B13 /* PBXTargetDependency */,
			);
			name = "CSE 335 Vacation App ProjectTests";
			productName = "CSE 335 Vacation App ProjectTests";
			productReference = 5C119FDF21708882007A8B13 /* CSE 335 Vacation App ProjectTests.xctest */;
			productType = "com.apple.product-type.bundle.unit-test";
		};
		5C119FE921708882007A8B13 /* CSE 335 Vacation App ProjectUITests */ = {
			isa = PBXNativeTarget;
			buildConfigurationList = 5C119FF921708882007A8B13 /* Build configuration list for PBXNativeTarget "CSE 335 Vacation App ProjectUITests" */;
			buildPhases = (
				5C119FE621708882007A8B13 /* Sources */,
				5C119FE721708882007A8B13 /* Frameworks */,
				5C119FE821708882007A8B13 /* Resources */,
			);
			buildRules = (
			);
			dependencies = (
				5C119FEC21708882007A8B13 /* PBXTargetDependency */,
			);
			name = "CSE 335 Vacation App ProjectUITests";
			productName = "CSE 335 Vacation App ProjectUITests";
			productReference = 5C119FEA21708882007A8B13 /* CSE 335 Vacation App ProjectUITests.xctest */;
			productType = "com.apple.product-type.bundle.ui-testing";
		};
/* End PBXNativeTarget section */

/* Begin PBXProject section */
		5C119FC321708881007A8B13 /* Project object */ = {
			isa = PBXProject;
			attributes = {
				LastSwiftUpdateCheck = 1000;
				LastUpgradeCheck = 1000;
				ORGANIZATIONNAME = "Paul Gellai";
				TargetAttributes = {
					5C119FCA21708881007A8B13 = {
						CreatedOnToolsVersion = 10.0;
					};
					5C119FDE21708882007A8B13 = {
						CreatedOnToolsVersion = 10.0;
						TestTargetID = 5C119FCA21708881007A8B13;
					};
					5C119FE921708882007A8B13 = {
						CreatedOnToolsVersion = 10.0;
						TestTargetID = 5C119FCA21708881007A8B13;
					};
				};
			};
			buildConfigurationList = 5C119FC621708881007A8B13 /* Build configuration list for PBXProject "CSE 335 Vacation App Project" */;
			compatibilityVersion = "Xcode 9.3";
			developmentRegion = en;
			hasScannedForEncodings = 0;
			knownRegions = (
				en,
				Base,
			);
			mainGroup = 5C119FC221708881007A8B13;
			productRefGroup = 5C119FCC21708881007A8B13 /* Products */;
			projectDirPath = "";
			projectRoot = "";
			targets = (
				5C119FCA21708881007A8B13 /* CSE 335 Vacation App Project */,
				5C119FDE21708882007A8B13 /* CSE 335 Vacation App ProjectTests */,
				5C119FE921708882007A8B13 /* CSE 335 Vacation App ProjectUITests */,
			);
		};
/* End PBXProject section */

/* Begin PBXResourcesBuildPhase section */
		5C119FC921708881007A8B13 /* Resources */ = {
			isa = PBXResourcesBuildPhase;
			buildActionMask = 2147483647;
			files = (
				5C119FD921708882007A8B13 /* LaunchScreen.storyboard in Resources */,
				5C119FD621708882007A8B13 /* Assets.xcassets in Resources */,
				5C119FD421708881007A8B13 /* Main.storyboard in Resources */,
			);
			runOnlyForDeploymentPostprocessing = 0;
		};
		5C119FDD21708882007A8B13 /* Resources */ = {
			isa = PBXResourcesBuildPhase;
			buildActionMask = 2147483647;
			files = (
			);
			runOnlyForDeploymentPostprocessing = 0;
		};
		5C119FE821708882007A8B13 /* Resources */ = {
			isa = PBXResourcesBuildPhase;
			buildActionMask = 2147483647;
			files = (
			);
			runOnlyForDeploymentPostprocessing = 0;
		};
/* End PBXResourcesBuildPhase section */

/* Begin PBXSourcesBuildPhase section */
		5C119FC721708881007A8B13 /* Sources */ = {
			isa = PBXSourcesBuildPhase;
			buildActionMask = 2147483647;
			files = (
				5C9968D6219CBC640017696C /* MemoryDetailViewController.swift in Sources */,
				5C9968DE219CF0790017696C /* CustomAddFlightViewController.swift in Sources */,
				5C11A00521708CE2007A8B13 /* AddMemoryViewController.swift in Sources */,
				5C1FB569219BCCFC00CE184A /* AddEventViewController.swift in Sources */,
				5CBD9C5C219A091500FCFE83 /* AddFlightTableViewCell.swift in Sources */,
				5C9968D8219CC34E0017696C /* EditMemoryViewController.swift in Sources */,
				5CBD9C5A219616C100FCFE83 /* AddFlightViewController.swift in Sources */,
				5C11A00121708CBB007A8B13 /* NearMeViewController.swift in Sources */,
				5CD48B842171281400027BE6 /* NearMeViewCell.swift in Sources */,
				5C9968D2219CA2CE0017696C /* FlightDetailViewController.swift in Sources */,
				5C9968DC219CC3640017696C /* EditEventViewController.swift in Sources */,
				5CBD9C58219612AB00FCFE83 /* EventTableViewCell.swift in Sources */,
				5C119FD121708881007A8B13 /* HomeViewController.swift in Sources */,
				5C1FB567219BB20900CE184A /* FlightTableViewCell.swift in Sources */,
				5C9968DA219CC35A0017696C /* EditFlightViewController.swift in Sources */,
				5C119FCF21708881007A8B13 /* AppDelegate.swift in Sources */,
				5CD48B8221711B6F00027BE6 /* MemoryViewCell.swift in Sources */,
				5C11A00321708CCF007A8B13 /* PlannerViewController.swift in Sources */,
				5CBD9C542196105100FCFE83 /* ModelProcessor.swift in Sources */,
				5CBA181321729BDD00045E07 /* Model.xcdatamodeld in Sources */,
				5C9968D4219CA2DC0017696C /* EventDetailViewController.swift in Sources */,
				5C119FFF21708CAE007A8B13 /* MemoriesViewController.swift in Sources */,
			);
			runOnlyForDeploymentPostprocessing = 0;
		};
		5C119FDB21708882007A8B13 /* Sources */ = {
			isa = PBXSourcesBuildPhase;
			buildActionMask = 2147483647;
			files = (
				5C119FE421708882007A8B13 /* CSE_335_Vacation_App_ProjectTests.swift in Sources */,
			);
			runOnlyForDeploymentPostprocessing = 0;
		};
		5C119FE621708882007A8B13 /* Sources */ = {
			isa = PBXSourcesBuildPhase;
			buildActionMask = 2147483647;
			files = (
				5C119FEF21708882007A8B13 /* CSE_335_Vacation_App_ProjectUITests.swift in Sources */,
			);
			runOnlyForDeploymentPostprocessing = 0;
		};
/* End PBXSourcesBuildPhase section */

/* Begin PBXTargetDependency section */
		5C119FE121708882007A8B13 /* PBXTargetDependency */ = {
			isa = PBXTargetDependency;
			target = 5C119FCA21708881007A8B13 /* CSE 335 Vacation App Project */;
			targetProxy = 5C119FE021708882007A8B13 /* PBXContainerItemProxy */;
		};
		5C119FEC21708882007A8B13 /* PBXTargetDependency */ = {
			isa = PBXTargetDependency;
			target = 5C119FCA21708881007A8B13 /* CSE 335 Vacation App Project */;
			targetProxy = 5C119FEB21708882007A8B13 /* PBXContainerItemProxy */;
		};
/* End PBXTargetDependency section */

/* Begin PBXVariantGroup section */
		5C119FD221708881007A8B13 /* Main.storyboard */ = {
			isa = PBXVariantGroup;
			children = (
				5C119FD321708881007A8B13 /* Base */,
			);
			name = Main.storyboard;
			sourceTree = "<group>";
		};
		5C119FD721708882007A8B13 /* LaunchScreen.storyboard */ = {
			isa = PBXVariantGroup;
			children = (
				5C119FD821708882007A8B13 /* Base */,
			);
			name = LaunchScreen.storyboard;
			sourceTree = "<group>";
		};
/* End PBXVariantGroup section */

/* Begin XCBuildConfiguration section */
		5C119FF121708882007A8B13 /* Debug */ = {
			isa = XCBuildConfiguration;
			buildSettings = {
				ALWAYS_SEARCH_USER_PATHS = NO;
				CLANG_ANALYZER_NONNULL = YES;
				CLANG_ANALYZER_NUMBER_OBJECT_CONVERSION = YES_AGGRESSIVE;
				CLANG_CXX_LANGUAGE_STANDARD = "gnu++14";
				CLANG_CXX_LIBRARY = "libc++";
				CLANG_ENABLE_MODULES = YES;
				CLANG_ENABLE_OBJC_ARC = YES;
				CLANG_ENABLE_OBJC_WEAK = YES;
				CLANG_WARN_BLOCK_CAPTURE_AUTORELEASING = YES;
				CLANG_WARN_BOOL_CONVERSION = YES;
				CLANG_WARN_COMMA = YES;
				CLANG_WARN_CONSTANT_CONVERSION = YES;
				CLANG_WARN_DEPRECATED_OBJC_IMPLEMENTATIONS = YES;
				CLANG_WARN_DIRECT_OBJC_ISA_USAGE = YES_ERROR;
				CLANG_WARN_DOCUMENTATION_COMMENTS = YES;
				CLANG_WARN_EMPTY_BODY = YES;
				CLANG_WARN_ENUM_CONVERSION = YES;
				CLANG_WARN_INFINITE_RECURSION = YES;
				CLANG_WARN_INT_CONVERSION = YES;
				CLANG_WARN_NON_LITERAL_NULL_CONVERSION = YES;
				CLANG_WARN_OBJC_IMPLICIT_RETAIN_SELF = YES;
				CLANG_WARN_OBJC_LITERAL_CONVERSION = YES;
				CLANG_WARN_OBJC_ROOT_CLASS = YES_ERROR;
				CLANG_WARN_RANGE_LOOP_ANALYSIS = YES;
				CLANG_WARN_STRICT_PROTOTYPES = YES;
				CLANG_WARN_SUSPICIOUS_MOVE = YES;
				CLANG_WARN_UNGUARDED_AVAILABILITY = YES_AGGRESSIVE;
				CLANG_WARN_UNREACHABLE_CODE = YES;
				CLANG_WARN__DUPLICATE_METHOD_MATCH = YES;
				CODE_SIGN_IDENTITY = "iPhone Developer";
				COPY_PHASE_STRIP = NO;
				DEBUG_INFORMATION_FORMAT = dwarf;
				ENABLE_STRICT_OBJC_MSGSEND = YES;
				ENABLE_TESTABILITY = YES;
				GCC_C_LANGUAGE_STANDARD = gnu11;
				GCC_DYNAMIC_NO_PIC = NO;
				GCC_NO_COMMON_BLOCKS = YES;
				GCC_OPTIMIZATION_LEVEL = 0;
				GCC_PREPROCESSOR_DEFINITIONS = (
					"DEBUG=1",
					"$(inherited)",
				);
				GCC_WARN_64_TO_32_BIT_CONVERSION = YES;
				GCC_WARN_ABOUT_RETURN_TYPE = YES_ERROR;
				GCC_WARN_UNDECLARED_SELECTOR = YES;
				GCC_WARN_UNINITIALIZED_AUTOS = YES_AGGRESSIVE;
				GCC_WARN_UNUSED_FUNCTION = YES;
				GCC_WARN_UNUSED_VARIABLE = YES;
				IPHONEOS_DEPLOYMENT_TARGET = 12.0;
				MTL_ENABLE_DEBUG_INFO = INCLUDE_SOURCE;
				MTL_FAST_MATH = YES;
				ONLY_ACTIVE_ARCH = YES;
				SDKROOT = iphoneos;
				SWIFT_ACTIVE_COMPILATION_CONDITIONS = DEBUG;
				SWIFT_OPTIMIZATION_LEVEL = "-Onone";
			};
			name = Debug;
		};
		5C119FF221708882007A8B13 /* Release */ = {
			isa = XCBuildConfiguration;
			buildSettings = {
				ALWAYS_SEARCH_USER_PATHS = NO;
				CLANG_ANALYZER_NONNULL = YES;
				CLANG_ANALYZER_NUMBER_OBJECT_CONVERSION = YES_AGGRESSIVE;
				CLANG_CXX_LANGUAGE_STANDARD = "gnu++14";
				CLANG_CXX_LIBRARY = "libc++";
				CLANG_ENABLE_MODULES = YES;
				CLANG_ENABLE_OBJC_ARC = YES;
				CLANG_ENABLE_OBJC_WEAK = YES;
				CLANG_WARN_BLOCK_CAPTURE_AUTORELEASING = YES;
				CLANG_WARN_BOOL_CONVERSION = YES;
				CLANG_WARN_COMMA = YES;
				CLANG_WARN_CONSTANT_CONVERSION = YES;
				CLANG_WARN_DEPRECATED_OBJC_IMPLEMENTATIONS = YES;
				CLANG_WARN_DIRECT_OBJC_ISA_USAGE = YES_ERROR;
				CLANG_WARN_DOCUMENTATION_COMMENTS = YES;
				CLANG_WARN_EMPTY_BODY = YES;
				CLANG_WARN_ENUM_CONVERSION = YES;
				CLANG_WARN_INFINITE_RECURSION = YES;
				CLANG_WARN_INT_CONVERSION = YES;
				CLANG_WARN_NON_LITERAL_NULL_CONVERSION = YES;
				CLANG_WARN_OBJC_IMPLICIT_RETAIN_SELF = YES;
				CLANG_WARN_OBJC_LITERAL_CONVERSION = YES;
				CLANG_WARN_OBJC_ROOT_CLASS = YES_ERROR;
				CLANG_WARN_RANGE_LOOP_ANALYSIS = YES;
				CLANG_WARN_STRICT_PROTOTYPES = YES;
				CLANG_WARN_SUSPICIOUS_MOVE = YES;
				CLANG_WARN_UNGUARDED_AVAILABILITY = YES_AGGRESSIVE;
				CLANG_WARN_UNREACHABLE_CODE = YES;
				CLANG_WARN__DUPLICATE_METHOD_MATCH = YES;
				CODE_SIGN_IDENTITY = "iPhone Developer";
				COPY_PHASE_STRIP = NO;
				DEBUG_INFORMATION_FORMAT = "dwarf-with-dsym";
				ENABLE_NS_ASSERTIONS = NO;
				ENABLE_STRICT_OBJC_MSGSEND = YES;
				GCC_C_LANGUAGE_STANDARD = gnu11;
				GCC_NO_COMMON_BLOCKS = YES;
				GCC_WARN_64_TO_32_BIT_CONVERSION = YES;
				GCC_WARN_ABOUT_RETURN_TYPE = YES_ERROR;
				GCC_WARN_UNDECLARED_SELECTOR = YES;
				GCC_WARN_UNINITIALIZED_AUTOS = YES_AGGRESSIVE;
				GCC_WARN_UNUSED_FUNCTION = YES;
				GCC_WARN_UNUSED_VARIABLE = YES;
				IPHONEOS_DEPLOYMENT_TARGET = 12.0;
				MTL_ENABLE_DEBUG_INFO = NO;
				MTL_FAST_MATH = YES;
				SDKROOT = iphoneos;
				SWIFT_COMPILATION_MODE = wholemodule;
				SWIFT_OPTIMIZATION_LEVEL = "-O";
				VALIDATE_PRODUCT = YES;
			};
			name = Release;
		};
		5C119FF421708882007A8B13 /* Debug */ = {
			isa = XCBuildConfiguration;
			buildSettings = {
				ASSETCATALOG_COMPILER_APPICON_NAME = AppIcon;
				CODE_SIGN_STYLE = Automatic;
				DEVELOPMENT_TEAM = 449PBN3N8H;
				INFOPLIST_FILE = "CSE 335 Vacation App Project/Info.plist";
				IPHONEOS_DEPLOYMENT_TARGET = 12.0;
				LD_RUNPATH_SEARCH_PATHS = (
					"$(inherited)",
					"@executable_path/Frameworks",
				);
				PRODUCT_BUNDLE_IDENTIFIER = "therealpaulgg.CSE-335-Vacation-App-Project";
				PRODUCT_NAME = "$(TARGET_NAME)";
				SWIFT_VERSION = 4.2;
				TARGETED_DEVICE_FAMILY = "1,2";
			};
			name = Debug;
		};
		5C119FF521708882007A8B13 /* Release */ = {
			isa = XCBuildConfiguration;
			buildSettings = {
				ASSETCATALOG_COMPILER_APPICON_NAME = AppIcon;
				CODE_SIGN_STYLE = Automatic;
				DEVELOPMENT_TEAM = 449PBN3N8H;
				INFOPLIST_FILE = "CSE 335 Vacation App Project/Info.plist";
				IPHONEOS_DEPLOYMENT_TARGET = 12.0;
				LD_RUNPATH_SEARCH_PATHS = (
					"$(inherited)",
					"@executable_path/Frameworks",
				);
				PRODUCT_BUNDLE_IDENTIFIER = "therealpaulgg.CSE-335-Vacation-App-Project";
				PRODUCT_NAME = "$(TARGET_NAME)";
				SWIFT_VERSION = 4.2;
				TARGETED_DEVICE_FAMILY = "1,2";
			};
			name = Release;
		};
		5C119FF721708882007A8B13 /* Debug */ = {
			isa = XCBuildConfiguration;
			buildSettings = {
				ALWAYS_EMBED_SWIFT_STANDARD_LIBRARIES = YES;
				BUNDLE_LOADER = "$(TEST_HOST)";
				CODE_SIGN_STYLE = Automatic;
				INFOPLIST_FILE = "CSE 335 Vacation App ProjectTests/Info.plist";
				LD_RUNPATH_SEARCH_PATHS = (
					"$(inherited)",
					"@executable_path/Frameworks",
					"@loader_path/Frameworks",
				);
				PRODUCT_BUNDLE_IDENTIFIER = "therealpaulgg.CSE-335-Vacation-App-ProjectTests";
				PRODUCT_NAME = "$(TARGET_NAME)";
				SWIFT_VERSION = 4.2;
				TARGETED_DEVICE_FAMILY = "1,2";
				TEST_HOST = "$(BUILT_PRODUCTS_DIR)/CSE 335 Vacation App Project.app/CSE 335 Vacation App Project";
			};
			name = Debug;
		};
		5C119FF821708882007A8B13 /* Release */ = {
			isa = XCBuildConfiguration;
			buildSettings = {
				ALWAYS_EMBED_SWIFT_STANDARD_LIBRARIES = YES;
				BUNDLE_LOADER = "$(TEST_HOST)";
				CODE_SIGN_STYLE = Automatic;
				INFOPLIST_FILE = "CSE 335 Vacation App ProjectTests/Info.plist";
				LD_RUNPATH_SEARCH_PATHS = (
					"$(inherited)",
					"@executable_path/Frameworks",
					"@loader_path/Frameworks",
				);
				PRODUCT_BUNDLE_IDENTIFIER = "therealpaulgg.CSE-335-Vacation-App-ProjectTests";
				PRODUCT_NAME = "$(TARGET_NAME)";
				SWIFT_VERSION = 4.2;
				TARGETED_DEVICE_FAMILY = "1,2";
				TEST_HOST = "$(BUILT_PRODUCTS_DIR)/CSE 335 Vacation App Project.app/CSE 335 Vacation App Project";
			};
			name = Release;
		};
		5C119FFA21708882007A8B13 /* Debug */ = {
			isa = XCBuildConfiguration;
			buildSettings = {
				ALWAYS_EMBED_SWIFT_STANDARD_LIBRARIES = YES;
				CODE_SIGN_STYLE = Automatic;
				INFOPLIST_FILE = "CSE 335 Vacation App ProjectUITests/Info.plist";
				LD_RUNPATH_SEARCH_PATHS = (
					"$(inherited)",
					"@executable_path/Frameworks",
					"@loader_path/Frameworks",
				);
				PRODUCT_BUNDLE_IDENTIFIER = "therealpaulgg.CSE-335-Vacation-App-ProjectUITests";
				PRODUCT_NAME = "$(TARGET_NAME)";
				SWIFT_VERSION = 4.2;
				TARGETED_DEVICE_FAMILY = "1,2";
				TEST_TARGET_NAME = "CSE 335 Vacation App Project";
			};
			name = Debug;
		};
		5C119FFB21708882007A8B13 /* Release */ = {
			isa = XCBuildConfiguration;
			buildSettings = {
				ALWAYS_EMBED_SWIFT_STANDARD_LIBRARIES = YES;
				CODE_SIGN_STYLE = Automatic;
				INFOPLIST_FILE = "CSE 335 Vacation App ProjectUITests/Info.plist";
				LD_RUNPATH_SEARCH_PATHS = (
					"$(inherited)",
					"@executable_path/Frameworks",
					"@loader_path/Frameworks",
				);
				PRODUCT_BUNDLE_IDENTIFIER = "therealpaulgg.CSE-335-Vacation-App-ProjectUITests";
				PRODUCT_NAME = "$(TARGET_NAME)";
				SWIFT_VERSION = 4.2;
				TARGETED_DEVICE_FAMILY = "1,2";
				TEST_TARGET_NAME = "CSE 335 Vacation App Project";
			};
			name = Release;
		};
/* End XCBuildConfiguration section */

/* Begin XCConfigurationList section */
		5C119FC621708881007A8B13 /* Build configuration list for PBXProject "CSE 335 Vacation App Project" */ = {
			isa = XCConfigurationList;
			buildConfigurations = (
				5C119FF121708882007A8B13 /* Debug */,
				5C119FF221708882007A8B13 /* Release */,
			);
			defaultConfigurationIsVisible = 0;
			defaultConfigurationName = Release;
		};
		5C119FF321708882007A8B13 /* Build configuration list for PBXNativeTarget "CSE 335 Vacation App Project" */ = {
			isa = XCConfigurationList;
			buildConfigurations = (
				5C119FF421708882007A8B13 /* Debug */,
				5C119FF521708882007A8B13 /* Release */,
			);
			defaultConfigurationIsVisible = 0;
			defaultConfigurationName = Release;
		};
		5C119FF621708882007A8B13 /* Build configuration list for PBXNativeTarget "CSE 335 Vacation App ProjectTests" */ = {
			isa = XCConfigurationList;
			buildConfigurations = (
				5C119FF721708882007A8B13 /* Debug */,
				5C119FF821708882007A8B13 /* Release */,
			);
			defaultConfigurationIsVisible = 0;
			defaultConfigurationName = Release;
		};
		5C119FF921708882007A8B13 /* Build configuration list for PBXNativeTarget "CSE 335 Vacation App ProjectUITests" */ = {
			isa = XCConfigurationList;
			buildConfigurations = (
				5C119FFA21708882007A8B13 /* Debug */,
				5C119FFB21708882007A8B13 /* Release */,
			);
			defaultConfigurationIsVisible = 0;
			defaultConfigurationName = Release;
		};
/* End XCConfigurationList section */

/* Begin XCVersionGroup section */
		5CBA181121729BDD00045E07 /* Model.xcdatamodeld */ = {
			isa = XCVersionGroup;
			children = (
				5CBA181221729BDD00045E07 /* Model.xcdatamodel */,
			);
			currentVersion = 5CBA181221729BDD00045E07 /* Model.xcdatamodel */;
			path = Model.xcdatamodeld;
			sourceTree = "<group>";
			versionGroupType = wrapper.xcdatamodel;
		};
/* End XCVersionGroup section */
	};
	rootObject = 5C119FC321708881007A8B13 /* Project object */;
}
